Microsoft Visual Studio Solution File, Format Version 11.00
# Visual Studio 2008

Project("{C8F8AE3C-D49A-2E07-65B4-5B85E6D565E5}") = "SPAAACE", "Assembly-CSharp-vs.csproj", "{FBE5EBB5-78FE-8C0D-A77C-C32FB968AE81}"
EndProject
Global
	GlobalSection(SolutionConfigurationPlatforms) = preSolution
		Debug|Any CPU = Debug|Any CPU
		Release|Any CPU = Release|Any CPU
	EndGlobalSection
	GlobalSection(ProjectConfigurationPlatforms) = postSolution
		{FBE5EBB5-78FE-8C0D-A77C-C32FB968AE81}.Debug|Any CPU.ActiveCfg = Debug|Any CPU
		{FBE5EBB5-78FE-8C0D-A77C-C32FB968AE81}.Debug|Any CPU.Build.0 = Debug|Any CPU
		{FBE5EBB5-78FE-8C0D-A77C-C32FB968AE81}.Release|Any CPU.ActiveCfg = Release|Any CPU
		{FBE5EBB5-78FE-8C0D-A77C-C32FB968AE81}.Release|Any CPU.Build.0 = Release|Any CPU
	EndGlobalSection
	GlobalSection(SolutionProperties) = preSolution
		HideSolutionNode = FALSE
	EndGlobalSection
		GlobalSection(MonoDevelopProperties) = preSolution
		StartupItem = Assembly-CSharp.csproj
		Policies = $0
		$0.TextStylePolicy = $1
		$1.inheritsSet = null
		$1.scope = text/x-csharp
		$0.CSharpFormattingPolicy = $2
		$2.inheritsSet = Mono
		$2.inheritsScope = text/x-csharp
		$2.scope = text/x-csharp
		$0.TextStylePolicy = $3
		$3.FileWidth = 120
		$3.TabWidth = 4
		$3.EolMarker = Unix
		$3.inheritsSet = Mono
		$3.inheritsScope = text/plain
		$3.scope = text/plain
	EndGlobalSection

EndGlobal
